
Microsoft Visual Studio Solution File, Format Version 12.00
# Visual Studio Version 16
VisualStudioVersion = 16.0.30621.155
MinimumVisualStudioVersion = 10.0.40219.1
Project("{FAE04EC0-301F-11D3-BF4B-00C04F79EFBC}") = "Shop Simulator", "Shop Simulator\Shop Simulator.csproj", "{5F36D54F-D64B-4122-BFF0-7A710124831B}"
EndProject
Global
	GlobalSection(SolutionConfigurationPlatforms) = preSolution
		Debug|Any CPU = Debug|Any CPU
		Release|Any CPU = Release|Any CPU
	EndGlobalSection
	GlobalSection(ProjectConfigurationPlatforms) = postSolution
		{5F36D54F-D64B-4122-BFF0-7A710124831B}.Debug|Any CPU.ActiveCfg = Debug|Any CPU
		{5F36D54F-D64B-4122-BFF0-7A710124831B}.Debug|Any CPU.Build.0 = Debug|Any CPU
		{5F36D54F-D64B-4122-BFF0-7A710124831B}.Release|Any CPU.ActiveCfg = Release|Any CPU
		{5F36D54F-D64B-4122-BFF0-7A710124831B}.Release|Any CPU.Build.0 = Release|Any CPU
	EndGlobalSection
	GlobalSection(SolutionProperties) = preSolution
		HideSolutionNode = FALSE
	EndGlobalSection
	GlobalSection(ExtensibilityGlobals) = postSolution
		SolutionGuid = {A2DE42CD-59A2-4854-90E8-4161F5A2CF7D}
	EndGlobalSection
EndGlobal
